// !$*UTF8*$!
{
	archiveVersion = 1;
	classes = {
	};
	objectVersion = 46;
	objects = {

/* Begin PBXBuildFile section */
		F93EA39A1A4B481F0025924B /* AppDelegate.swift in Sources */ = {isa = PBXBuildFile; fileRef = F93EA3991A4B481F0025924B /* AppDelegate.swift */; };
		F93EA39C1A4B481F0025924B /* ViewController.swift in Sources */ = {isa = PBXBuildFile; fileRef = F93EA39B1A4B481F0025924B /* ViewController.swift */; };
		F93EA39F1A4B481F0025924B /* Main.storyboard in Resources */ = {isa = PBXBuildFile; fileRef = F93EA39D1A4B481F0025924B /* Main.storyboard */; };
		F93EA3A11A4B481F0025924B /* Images.xcassets in Resources */ = {isa = PBXBuildFile; fileRef = F93EA3A01A4B481F0025924B /* Images.xcassets */; };
		F93EA3A41A4B481F0025924B /* LaunchScreen.xib in Resources */ = {isa = PBXBuildFile; fileRef = F93EA3A21A4B481F0025924B /* LaunchScreen.xib */; };
		F93EA3B01A4B481F0025924B /* PostcardTests.swift in Sources */ = {isa = PBXBuildFile; fileRef = F93EA3AF1A4B481F0025924B /* PostcardTests.swift */; };
		F93EA3BB1A4B6A260025924B /* AlbertEinsteinStamp.jpg in Resources */ = {isa = PBXBuildFile; fileRef = F93EA3B91A4B6A260025924B /* AlbertEinsteinStamp.jpg */; };
		F93EA3BC1A4B6A260025924B /* SagradaFamilia.jpeg in Resources */ = {isa = PBXBuildFile; fileRef = F93EA3BA1A4B6A260025924B /* SagradaFamilia.jpeg */; };
/* End PBXBuildFile section */

/* Begin PBXContainerItemProxy section */
		F93EA3AA1A4B481F0025924B /* PBXContainerItemProxy */ = {
			isa = PBXContainerItemProxy;
			containerPortal = F93EA38C1A4B481F0025924B /* Project object */;
			proxyType = 1;
			remoteGlobalIDString = F93EA3931A4B481F0025924B;
			remoteInfo = Postcard;
		};
/* End PBXContainerItemProxy section */

/* Begin PBXFileReference section */
		F93EA3941A4B481F0025924B /* Postcard.app */ = {isa = PBXFileReference; explicitFileType = wrapper.application; includeInIndex = 0; path = Postcard.app; sourceTree = BUILT_PRODUCTS_DIR; };
		F93EA3981A4B481F0025924B /* Info.plist */ = {isa = PBXFileReference; lastKnownFileType = text.plist.xml; path = Info.plist; sourceTree = "<group>"; };
		F93EA3991A4B481F0025924B /* AppDelegate.swift */ = {isa = PBXFileReference; lastKnownFileType = sourcecode.swift; path = AppDelegate.swift; sourceTree = "<group>"; };
		F93EA39B1A4B481F0025924B /* ViewController.swift */ = {isa = PBXFileReference; lastKnownFileType = sourcecode.swift; path = ViewController.swift; sourceTree = "<group>"; };
		F93EA39E1A4B481F0025924B /* Base */ = {isa = PBXFileReference; lastKnownFileType = file.storyboard; name = Base; path = Base.lproj/Main.storyboard; sourceTree = "<group>"; };
		F93EA3A01A4B481F0025924B /* Images.xcassets */ = {isa = PBXFileReference; lastKnownFileType = folder.assetcatalog; path = Images.xcassets; sourceTree = "<group>"; };
		F93EA3A31A4B481F0025924B /* Base */ = {isa = PBXFileReference; lastKnownFileType = file.xib; name = Base; path = Base.lproj/LaunchScreen.xib; sourceTree = "<group>"; };
		F93EA3A91A4B481F0025924B /* PostcardTests.xctest */ = {isa = PBXFileReference; explicitFileType = wrapper.cfbundle; includeInIndex = 0; path = PostcardTests.xctest; sourceTree = BUILT_PRODUCTS_DIR; };
		F93EA3AE1A4B481F0025924B /* Info.plist */ = {isa = PBXFileReference; lastKnownFileType = text.plist.xml; path = Info.plist; sourceTree = "<group>"; };
		F93EA3AF1A4B481F0025924B /* PostcardTests.swift */ = {isa = PBXFileReference; lastKnownFileType = sourcecode.swift; path = PostcardTests.swift; sourceTree = "<group>"; };
		F93EA3B91A4B6A260025924B /* AlbertEinsteinStamp.jpg */ = {isa = PBXFileReference; lastKnownFileType = image.jpeg; path = AlbertEinsteinStamp.jpg; sourceTree = "<group>"; };
		F93EA3BA1A4B6A260025924B /* SagradaFamilia.jpeg */ = {isa = PBXFileReference; lastKnownFileType = image.jpeg; path = SagradaFamilia.jpeg; sourceTree = "<group>"; };
/* End PBXFileReference section */

/* Begin PBXFrameworksBuildPhase section */
		F93EA3911A4B481F0025924B /* Frameworks */ = {
			isa = PBXFrameworksBuildPhase;
			buildActionMask = 2147483647;
			files = (
			);
			runOnlyForDeploymentPostprocessing = 0;
		};
		F93EA3A61A4B481F0025924B /* Frameworks */ = {
			isa = PBXFrameworksBuildPhase;
			buildActionMask = 2147483647;
			files = (
			);
			runOnlyForDeploymentPostprocessing = 0;
		};
/* End PBXFrameworksBuildPhase section */

/* Begin PBXGroup section */
		F93EA38B1A4B481F0025924B = {
			isa = PBXGroup;
			children = (
				F93EA3961A4B481F0025924B /* Postcard */,
				F93EA3AC1A4B481F0025924B /* PostcardTests */,
				F93EA3951A4B481F0025924B /* Products */,
			);
			sourceTree = "<group>";
		};
		F93EA3951A4B481F0025924B /* Products */ = {
			isa = PBXGroup;
			children = (
				F93EA3941A4B481F0025924B /* Postcard.app */,
				F93EA3A91A4B481F0025924B /* PostcardTests.xctest */,
			);
			name = Products;
			sourceTree = "<group>";
		};
		F93EA3961A4B481F0025924B /* Postcard */ = {
			isa = PBXGroup;
			children = (
				F93EA3991A4B481F0025924B /* AppDelegate.swift */,
				F93EA39B1A4B481F0025924B /* ViewController.swift */,
				F93EA39D1A4B481F0025924B /* Main.storyboard */,
				F93EA3A01A4B481F0025924B /* Images.xcassets */,
				F93EA3A21A4B481F0025924B /* LaunchScreen.xib */,
				F93EA3971A4B481F0025924B /* Supporting Files */,
			);
			path = Postcard;
			sourceTree = "<group>";
		};
		F93EA3971A4B481F0025924B /* Supporting Files */ = {
			isa = PBXGroup;
			children = (
				F93EA3B91A4B6A260025924B /* AlbertEinsteinStamp.jpg */,
				F93EA3BA1A4B6A260025924B /* SagradaFamilia.jpeg */,
				F93EA3981A4B481F0025924B /* Info.plist */,
			);
			name = "Supporting Files";
			sourceTree = "<group>";
		};
		F93EA3AC1A4B481F0025924B /* PostcardTests */ = {
			isa = PBXGroup;
			children = (
				F93EA3AF1A4B481F0025924B /* PostcardTests.swift */,
				F93EA3AD1A4B481F0025924B /* Supporting Files */,
			);
			path = PostcardTests;
			sourceTree = "<group>";
		};
		F93EA3AD1A4B481F0025924B /* Supporting Files */ = {
			isa = PBXGroup;
			children = (
				F93EA3AE1A4B481F0025924B /* Info.plist */,
			);
			name = "Supporting Files";
			sourceTree = "<group>";
		};
/* End PBXGroup section */

/* Begin PBXNativeTarget section */
		F93EA3931A4B481F0025924B /* Postcard */ = {
			isa = PBXNativeTarget;
			buildConfigurationList = F93EA3B31A4B481F0025924B /* Build configuration list for PBXNativeTarget "Postcard" */;
			buildPhases = (
				F93EA3901A4B481F0025924B /* Sources */,
				F93EA3911A4B481F0025924B /* Frameworks */,
				F93EA3921A4B481F0025924B /* Resources */,
			);
			buildRules = (
			);
			dependencies = (
			);
			name = Postcard;
			productName = Postcard;
			productReference = F93EA3941A4B481F0025924B /* Postcard.app */;
			productType = "com.apple.product-type.application";
		};
		F93EA3A81A4B481F0025924B /* PostcardTests */ = {
			isa = PBXNativeTarget;
			buildConfigurationList = F93EA3B61A4B481F0025924B /* Build configuration list for PBXNativeTarget "PostcardTests" */;
			buildPhases = (
				F93EA3A51A4B481F0025924B /* Sources */,
				F93EA3A61A4B481F0025924B /* Frameworks */,
				F93EA3A71A4B481F0025924B /* Resources */,
			);
			buildRules = (
			);
			dependencies = (
				F93EA3AB1A4B481F0025924B /* PBXTargetDependency */,
			);
			name = PostcardTests;
			productName = PostcardTests;
			productReference = F93EA3A91A4B481F0025924B /* PostcardTests.xctest */;
			productType = "com.apple.product-type.bundle.unit-test";
		};
/* End PBXNativeTarget section */

/* Begin PBXProject section */
		F93EA38C1A4B481F0025924B /* Project object */ = {
			isa = PBXProject;
			attributes = {
				LastUpgradeCheck = 0610;
				ORGANIZATIONNAME = "Christopher Ambrose";
				TargetAttributes = {
					F93EA3931A4B481F0025924B = {
						CreatedOnToolsVersion = 6.1.1;
					};
					F93EA3A81A4B481F0025924B = {
						CreatedOnToolsVersion = 6.1.1;
						TestTargetID = F93EA3931A4B481F0025924B;
					};
				};
			};
			buildConfigurationList = F93EA38F1A4B481F0025924B /* Build configuration list for PBXProject "Postcard" */;
			compatibilityVersion = "Xcode 3.2";
			developmentRegion = English;
			hasScannedForEncodings = 0;
			knownRegions = (
				en,
				Base,
			);
			mainGroup = F93EA38B1A4B481F0025924B;
			productRefGroup = F93EA3951A4B481F0025924B /* Products */;
			projectDirPath = "";
			projectRoot = "";
			targets = (
				F93EA3931A4B481F0025924B /* Postcard */,
				F93EA3A81A4B481F0025924B /* PostcardTests */,
			);
		};
/* End PBXProject section */

/* Begin PBXResourcesBuildPhase section */
		F93EA3921A4B481F0025924B /* Resources */ = {
			isa = PBXResourcesBuildPhase;
			buildActionMask = 2147483647;
			files = (
				F93EA3BB1A4B6A260025924B /* AlbertEinsteinStamp.jpg in Resources */,
				F93EA39F1A4B481F0025924B /* Main.storyboard in Resources */,
				F93EA3A41A4B481F0025924B /* LaunchScreen.xib in Resources */,
				F93EA3A11A4B481F0025924B /* Images.xcassets in Resources */,
				F93EA3BC1A4B6A260025924B /* SagradaFamilia.jpeg in Resources */,
			);
			runOnlyForDeploymentPostprocessing = 0;
		};
		F93EA3A71A4B481F0025924B /* Resources */ = {
			isa = PBXResourcesBuildPhase;
			buildActionMask = 2147483647;
			files = (
			);
			runOnlyForDeploymentPostprocessing = 0;
		};
/* End PBXResourcesBuildPhase section */

/* Begin PBXSourcesBuildPhase section */
		F93EA3901A4B481F0025924B /* Sources */ = {
			isa = PBXSourcesBuildPhase;
			buildActionMask = 2147483647;
			files = (
				F93EA39C1A4B481F0025924B /* ViewController.swift in Sources */,
				F93EA39A1A4B481F0025924B /* AppDelegate.swift in Sources */,
			);
			runOnlyForDeploymentPostprocessing = 0;
		};
		F93EA3A51A4B481F0025924B /* Sources */ = {
			isa = PBXSourcesBuildPhase;
			buildActionMask = 2147483647;
			files = (
				F93EA3B01A4B481F0025924B /* PostcardTests.swift in Sources */,
			);
			runOnlyForDeploymentPostprocessing = 0;
		};
/* End PBXSourcesBuildPhase section */

/* Begin PBXTargetDependency section */
		F93EA3AB1A4B481F0025924B /* PBXTargetDependency */ = {
			isa = PBXTargetDependency;
			target = F93EA3931A4B481F0025924B /* Postcard */;
			targetProxy = F93EA3AA1A4B481F0025924B /* PBXContainerItemProxy */;
		};
/* End PBXTargetDependency section */

/* Begin PBXVariantGroup section */
		F93EA39D1A4B481F0025924B /* Main.storyboard */ = {
			isa = PBXVariantGroup;
			children = (
				F93EA39E1A4B481F0025924B /* Base */,
			);
			name = Main.storyboard;
			sourceTree = "<group>";
		};
		F93EA3A21A4B481F0025924B /* LaunchScreen.xib */ = {
			isa = PBXVariantGroup;
			children = (
				F93EA3A31A4B481F0025924B /* Base */,
			);
			name = LaunchScreen.xib;
			sourceTree = "<group>";
		};
/* End PBXVariantGroup section */

/* Begin XCBuildConfiguration section */
		F93EA3B11A4B481F0025924B /* Debug */ = {
			isa = XCBuildConfiguration;
			buildSettings = {
				ALWAYS_SEARCH_USER_PATHS = NO;
				CLANG_CXX_LANGUAGE_STANDARD = "gnu++0x";
				CLANG_CXX_LIBRARY = "libc++";
				CLANG_ENABLE_MODULES = YES;
				CLANG_ENABLE_OBJC_ARC = YES;
				CLANG_WARN_BOOL_CONVERSION = YES;
				CLANG_WARN_CONSTANT_CONVERSION = YES;
				CLANG_WARN_DIRECT_OBJC_ISA_USAGE = YES_ERROR;
				CLANG_WARN_EMPTY_BODY = YES;
				CLANG_WARN_ENUM_CONVERSION = YES;
				CLANG_WARN_INT_CONVERSION = YES;
				CLANG_WARN_OBJC_ROOT_CLASS = YES_ERROR;
				CLANG_WARN_UNREACHABLE_CODE = YES;
				CLANG_WARN__DUPLICATE_METHOD_MATCH = YES;
				"CODE_SIGN_IDENTITY[sdk=iphoneos*]" = "iPhone Developer";
				COPY_PHASE_STRIP = NO;
				ENABLE_STRICT_OBJC_MSGSEND = YES;
				GCC_C_LANGUAGE_STANDARD = gnu99;
				GCC_DYNAMIC_NO_PIC = NO;
				GCC_OPTIMIZATION_LEVEL = 0;
				GCC_PREPROCESSOR_DEFINITIONS = (
					"DEBUG=1",
					"$(inherited)",
				);
				GCC_SYMBOLS_PRIVATE_EXTERN = NO;
				GCC_WARN_64_TO_32_BIT_CONVERSION = YES;
				GCC_WARN_ABOUT_RETURN_TYPE = YES_ERROR;
				GCC_WARN_UNDECLARED_SELECTOR = YES;
				GCC_WARN_UNINITIALIZED_AUTOS = YES_AGGRESSIVE;
				GCC_WARN_UNUSED_FUNCTION = YES;
				GCC_WARN_UNUSED_VARIABLE = YES;
				IPHONEOS_DEPLOYMENT_TARGET = 8.1;
				MTL_ENABLE_DEBUG_INFO = YES;
				ONLY_ACTIVE_ARCH = YES;
				SDKROOT = iphoneos;
				SWIFT_OPTIMIZATION_LEVEL = "-Onone";
				TARGETED_DEVICE_FAMILY = "1,2";
			};
			name = Debug;
		};
		F93EA3B21A4B481F0025924B /* Release */ = {
			isa = XCBuildConfiguration;
			buildSettings = {
				ALWAYS_SEARCH_USER_PATHS = NO;
				CLANG_CXX_LANGUAGE_STANDARD = "gnu++0x";
				CLANG_CXX_LIBRARY = "libc++";
				CLANG_ENABLE_MODULES = YES;
				CLANG_ENABLE_OBJC_ARC = YES;
				CLANG_WARN_BOOL_CONVERSION = YES;
				CLANG_WARN_CONSTANT_CONVERSION = YES;
				CLANG_WARN_DIRECT_OBJC_ISA_USAGE = YES_ERROR;
				CLANG_WARN_EMPTY_BODY = YES;
				CLANG_WARN_ENUM_CONVERSION = YES;
				CLANG_WARN_INT_CONVERSION = YES;
				CLANG_WARN_OBJC_ROOT_CLASS = YES_ERROR;
				CLANG_WARN_UNREACHABLE_CODE = YES;
				CLANG_WARN__DUPLICATE_METHOD_MATCH = YES;
				"CODE_SIGN_IDENTITY[sdk=iphoneos*]" = "iPhone Developer";
				COPY_PHASE_STRIP = YES;
				ENABLE_NS_ASSERTIONS = NO;
				ENABLE_STRICT_OBJC_MSGSEND = YES;
				GCC_C_LANGUAGE_STANDARD = gnu99;
				GCC_WARN_64_TO_32_BIT_CONVERSION = YES;
				GCC_WARN_ABOUT_RETURN_TYPE = YES_ERROR;
				GCC_WARN_UNDECLARED_SELECTOR = YES;
				GCC_WARN_UNINITIALIZED_AUTOS = YES_AGGRESSIVE;
				GCC_WARN_UNUSED_FUNCTION = YES;
				GCC_WARN_UNUSED_VARIABLE = YES;
				IPHONEOS_DEPLOYMENT_TARGET = 8.1;
				MTL_ENABLE_DEBUG_INFO = NO;
				SDKROOT = iphoneos;
				TARGETED_DEVICE_FAMILY = "1,2";
				VALIDATE_PRODUCT = YES;
			};
			name = Release;
		};
		F93EA3B41A4B481F0025924B /* Debug */ = {
			isa = XCBuildConfiguration;
			buildSettings = {
				ASSETCATALOG_COMPILER_APPICON_NAME = AppIcon;
				CODE_SIGN_IDENTITY = "iPhone Developer";
				INFOPLIST_FILE = Postcard/Info.plist;
				LD_RUNPATH_SEARCH_PATHS = "$(inherited) @executable_path/Frameworks";
				PRODUCT_NAME = "$(TARGET_NAME)";
			};
			name = Debug;
		};
		F93EA3B51A4B481F0025924B /* Release */ = {
			isa = XCBuildConfiguration;
			buildSettings = {
				ASSETCATALOG_COMPILER_APPICON_NAME = AppIcon;
				CODE_SIGN_IDENTITY = "iPhone Developer";
				INFOPLIST_FILE = Postcard/Info.plist;
				LD_RUNPATH_SEARCH_PATHS = "$(inherited) @executable_path/Frameworks";
				PRODUCT_NAME = "$(TARGET_NAME)";
			};
			name = Release;
		};
		F93EA3B71A4B481F0025924B /* Debug */ = {
			isa = XCBuildConfiguration;
			buildSettings = {
				BUNDLE_LOADER = "$(TEST_HOST)";
				FRAMEWORK_SEARCH_PATHS = (
					"$(SDKROOT)/Developer/Library/Frameworks",
					"$(inherited)",
				);
				GCC_PREPROCESSOR_DEFINITIONS = (
					"DEBUG=1",
					"$(inherited)",
				);
				INFOPLIST_FILE = PostcardTests/Info.plist;
				LD_RUNPATH_SEARCH_PATHS = "$(inherited) @executable_path/Frameworks @loader_path/Frameworks";
				PRODUCT_NAME = "$(TARGET_NAME)";
				TEST_HOST = "$(BUILT_PRODUCTS_DIR)/Postcard.app/Postcard";
			};
			name = Debug;
		};
		F93EA3B81A4B481F0025924B /* Release */ = {
			isa = XCBuildConfiguration;
			buildSettings = {
				BUNDLE_LOADER = "$(TEST_HOST)";
				FRAMEWORK_SEARCH_PATHS = (
					"$(SDKROOT)/Developer/Library/Frameworks",
					"$(inherited)",
				);
				INFOPLIST_FILE = PostcardTests/Info.plist;
				LD_RUNPATH_SEARCH_PATHS = "$(inherited) @executable_path/Frameworks @loader_path/Frameworks";
				PRODUCT_NAME = "$(TARGET_NAME)";
				TEST_HOST = "$(BUILT_PRODUCTS_DIR)/Postcard.app/Postcard";
			};
			name = Release;
		};
/* End XCBuildConfiguration section */

/* Begin XCConfigurationList section */
		F93EA38F1A4B481F0025924B /* Build configuration list for PBXProject "Postcard" */ = {
			isa = XCConfigurationList;
			buildConfigurations = (
				F93EA3B11A4B481F0025924B /* Debug */,
				F93EA3B21A4B481F0025924B /* Release */,
			);
			defaultConfigurationIsVisible = 0;
			defaultConfigurationName = Release;
		};
		F93EA3B31A4B481F0025924B /* Build configuration list for PBXNativeTarget "Postcard" */ = {
			isa = XCConfigurationList;
			buildConfigurations = (
				F93EA3B41A4B481F0025924B /* Debug */,
				F93EA3B51A4B481F0025924B /* Release */,
			);
			defaultConfigurationIsVisible = 0;
		};
		F93EA3B61A4B481F0025924B /* Build configuration list for PBXNativeTarget "PostcardTests" */ = {
			isa = XCConfigurationList;
			buildConfigurations = (
				F93EA3B71A4B481F0025924B /* Debug */,
				F93EA3B81A4B481F0025924B /* Release */,
			);
			defaultConfigurationIsVisible = 0;
		};
/* End XCConfigurationList section */
	};
	rootObject = F93EA38C1A4B481F0025924B /* Project object */;
}
